// !$*UTF8*$!
{
	archiveVersion = 1;
	classes = {
	};
	objectVersion = 56;
	objects = {

/* Begin PBXBuildFile section */
		9A0622012F544A22004128ED /* CoreDataFeedStoreSpecsTests.swift in Sources */ = {isa = PBXBuildFile; fileRef = 9A0622002F544A22004128ED /* CoreDataFeedStoreSpecsTests.swift */; };
		9A0622032F546B37004128ED /* CoreDataFeedStore.swift in Sources */ = {isa = PBXBuildFile; fileRef = 9A0622022F546B37004128ED /* CoreDataFeedStore.swift */; };
		9A0622052F547000004128ED /* FeedStore.xcdatamodeld in Resources */ = {isa = PBXBuildFile; fileRef = 9A0622042F547000004128ED /* FeedStore.xcdatamodeld */; };
		9A08D8AE2F1CA3C1004FAED9 /* EssentialFeed.docc in Sources */ = {isa = PBXBuildFile; fileRef = 9A08D8AD2F1CA3C1004FAED9 /* EssentialFeed.docc */; };
		9A08D8B42F1CA3C2004FAED9 /* EssentialFeed.framework in Frameworks */ = {isa = PBXBuildFile; fileRef = 9A08D8A92F1CA3C1004FAED9 /* EssentialFeed.framework */; };
		9A08D8C42F1CA417004FAED9 /* FeedImage.swift in Sources */ = {isa = PBXBuildFile; fileRef = 9A08D8C32F1CA417004FAED9 /* FeedImage.swift */; };
		9A08D8C62F1CA832004FAED9 /* FeedLoader.swift in Sources */ = {isa = PBXBuildFile; fileRef = 9A08D8C52F1CA832004FAED9 /* FeedLoader.swift */; };
		9A2C78EB2F57C28300C3E37B /* XCTestCase+MemoryLeakTrackingHelper.swift in Sources */ = {isa = PBXBuildFile; fileRef = 9A544F3B2F2E7BFC00B3BB87 /* XCTestCase+MemoryLeakTrackingHelper.swift */; };
		9A2C78EC2F57C47100C3E37B /* SharedTestHelpers.swift in Sources */ = {isa = PBXBuildFile; fileRef = 9A4E24302F4119AC00E82615 /* SharedTestHelpers.swift */; };
		9A2C78ED2F57C55400C3E37B /* FeedCacheTestHelpers.swift in Sources */ = {isa = PBXBuildFile; fileRef = 9A4E242E2F41185D00E82615 /* FeedCacheTestHelpers.swift */; };
		9A2C791F2F65F61E00C3E37B /* EssentialFeediOS.docc in Sources */ = {isa = PBXBuildFile; fileRef = 9A2C791E2F65F61E00C3E37B /* EssentialFeediOS.docc */; };
		9A2C79252F65F61E00C3E37B /* EssentialFeediOS.framework in Frameworks */ = {isa = PBXBuildFile; fileRef = 9A2C791B2F65F61E00C3E37B /* EssentialFeediOS.framework */; };
		9A2C793D2F6834A600C3E37B /* FeedViewControllerTests.swift in Sources */ = {isa = PBXBuildFile; fileRef = 9A2C793A2F68343B00C3E37B /* FeedViewControllerTests.swift */; };
		9A2C793F2F6A35EC00C3E37B /* EssentialFeed.framework in Frameworks */ = {isa = PBXBuildFile; fileRef = 9A08D8A92F1CA3C1004FAED9 /* EssentialFeed.framework */; platformFilter = ios; settings = {ATTRIBUTES = (Required, ); }; };
		9A2C79402F6A381200C3E37B /* XCTestCase+MemoryLeakTrackingHelper.swift in Sources */ = {isa = PBXBuildFile; fileRef = 9A544F3B2F2E7BFC00B3BB87 /* XCTestCase+MemoryLeakTrackingHelper.swift */; };
		9A2C79422F6A5DC900C3E37B /* FeedViewController.swift in Sources */ = {isa = PBXBuildFile; fileRef = 9A2C79412F6A5DC900C3E37B /* FeedViewController.swift */; };
		9A2C79442F6BA22000C3E37B /* FeedImageCell.swift in Sources */ = {isa = PBXBuildFile; fileRef = 9A2C79432F6BA22000C3E37B /* FeedImageCell.swift */; };
		9A2C79462F6F667400C3E37B /* UIView+Shimmering.swift in Sources */ = {isa = PBXBuildFile; fileRef = 9A2C79452F6F667400C3E37B /* UIView+Shimmering.swift */; };
		9A2C794A2F70550400C3E37B /* FeedImageDataLoader.swift in Sources */ = {isa = PBXBuildFile; fileRef = 9A2C79492F70550400C3E37B /* FeedImageDataLoader.swift */; };
		9A2C794F2F70658A00C3E37B /* FeedRefreshViewController.swift in Sources */ = {isa = PBXBuildFile; fileRef = 9A2C794E2F70658A00C3E37B /* FeedRefreshViewController.swift */; };
		9A2C79512F70B82C00C3E37B /* FeedImageCellController.swift in Sources */ = {isa = PBXBuildFile; fileRef = 9A2C79502F70B82C00C3E37B /* FeedImageCellController.swift */; };
		9A2C79542F70E74700C3E37B /* FeedUIComposer.swift in Sources */ = {isa = PBXBuildFile; fileRef = 9A2C79532F70E74700C3E37B /* FeedUIComposer.swift */; };
		9A2C795D2F78A47300C3E37B /* FeedPresenter.swift in Sources */ = {isa = PBXBuildFile; fileRef = 9A2C795C2F78A47300C3E37B /* FeedPresenter.swift */; };
		9A2C795F2F7A7B0600C3E37B /* FeedImagePresenter.swift in Sources */ = {isa = PBXBuildFile; fileRef = 9A2C795E2F7A7B0600C3E37B /* FeedImagePresenter.swift */; };
		9A2C79612F7A995700C3E37B /* FeedImageViewModel.swift in Sources */ = {isa = PBXBuildFile; fileRef = 9A2C79602F7A995700C3E37B /* FeedImageViewModel.swift */; };
		9A2C79632F7A998000C3E37B /* FeedLoadingViewModel.swift in Sources */ = {isa = PBXBuildFile; fileRef = 9A2C79622F7A998000C3E37B /* FeedLoadingViewModel.swift */; };
		9A2C79652F7A99AA00C3E37B /* FeedViewModel.swift in Sources */ = {isa = PBXBuildFile; fileRef = 9A2C79642F7A99AA00C3E37B /* FeedViewModel.swift */; };
		9A4E241B2F37472500E82615 /* CacheFeedUseCaseTests.swift in Sources */ = {isa = PBXBuildFile; fileRef = 9A4E241A2F37472500E82615 /* CacheFeedUseCaseTests.swift */; };
		9A4E241E2F39B9A600E82615 /* LocalFeedLoader.swift in Sources */ = {isa = PBXBuildFile; fileRef = 9A4E241D2F39B9A600E82615 /* LocalFeedLoader.swift */; };
		9A4E24202F39BAE300E82615 /* FeedStore.swift in Sources */ = {isa = PBXBuildFile; fileRef = 9A4E241F2F39BAE300E82615 /* FeedStore.swift */; };
		9A4E24222F3C3A6200E82615 /* RemoteFeedItem.swift in Sources */ = {isa = PBXBuildFile; fileRef = 9A4E24212F3C3A6200E82615 /* RemoteFeedItem.swift */; };
		9A4E24242F3C3DA900E82615 /* LocalFeedImage.swift in Sources */ = {isa = PBXBuildFile; fileRef = 9A4E24232F3C3DA900E82615 /* LocalFeedImage.swift */; };
		9A4E24262F3D71F900E82615 /*  LoadFeedFromCacheUseCaseTests.swift in Sources */ = {isa = PBXBuildFile; fileRef = 9A4E24252F3D71F900E82615 /*  LoadFeedFromCacheUseCaseTests.swift */; };
		9A4E24292F3D73AC00E82615 /* FeedStoreSpy.swift in Sources */ = {isa = PBXBuildFile; fileRef = 9A4E24282F3D73AC00E82615 /* FeedStoreSpy.swift */; };
		9A4E242D2F40F18800E82615 /* ValidateFeedCacheUseCaseTests.swift in Sources */ = {isa = PBXBuildFile; fileRef = 9A4E242C2F40F18800E82615 /* ValidateFeedCacheUseCaseTests.swift */; };
		9A4E242F2F41185D00E82615 /* FeedCacheTestHelpers.swift in Sources */ = {isa = PBXBuildFile; fileRef = 9A4E242E2F41185D00E82615 /* FeedCacheTestHelpers.swift */; };
		9A4E24312F4119AC00E82615 /* SharedTestHelpers.swift in Sources */ = {isa = PBXBuildFile; fileRef = 9A4E24302F4119AC00E82615 /* SharedTestHelpers.swift */; };
		9A4E24332F42B14B00E82615 /* FeedCachePolicy.swift in Sources */ = {isa = PBXBuildFile; fileRef = 9A4E24322F42B14B00E82615 /* FeedCachePolicy.swift */; };
		9A4E24352F498E4E00E82615 /* CodableFeedStoreTests.swift in Sources */ = {isa = PBXBuildFile; fileRef = 9A4E24342F498E4E00E82615 /* CodableFeedStoreTests.swift */; };
		9A4E24372F4BB1D000E82615 /* CodableFeedStore.swift in Sources */ = {isa = PBXBuildFile; fileRef = 9A4E24362F4BB1D000E82615 /* CodableFeedStore.swift */; };
		9A4E24392F4EFF2700E82615 /* FeedStoreSpecs.swift in Sources */ = {isa = PBXBuildFile; fileRef = 9A4E24382F4EFF2700E82615 /* FeedStoreSpecs.swift */; };
		9A4E243B2F4F024000E82615 /* XCTestCase+FeedStoreSpecs.swift in Sources */ = {isa = PBXBuildFile; fileRef = 9A4E243A2F4F024000E82615 /* XCTestCase+FeedStoreSpecs.swift */; };
		9A4E243D2F4F0CEB00E82615 /* XCTestCase+FailableRetrieveFeedStoreSpecs.swift in Sources */ = {isa = PBXBuildFile; fileRef = 9A4E243C2F4F0CEB00E82615 /* XCTestCase+FailableRetrieveFeedStoreSpecs.swift */; };
		9A4E243F2F4F4CE700E82615 /* XCTestCase+FailableInsertFeedStoreSpecs.swift in Sources */ = {isa = PBXBuildFile; fileRef = 9A4E243E2F4F4CE700E82615 /* XCTestCase+FailableInsertFeedStoreSpecs.swift */; };
		9A4E24412F4F4F3A00E82615 /* XCTestCase+FailableDeleteFeedStoreSpecs.swift in Sources */ = {isa = PBXBuildFile; fileRef = 9A4E24402F4F4F3A00E82615 /* XCTestCase+FailableDeleteFeedStoreSpecs.swift */; };
		9A544F2F2F1F339200B3BB87 /* LoadFeedFromRemoteUseCaseTests.swift in Sources */ = {isa = PBXBuildFile; fileRef = 9A544F2E2F1F339200B3BB87 /* LoadFeedFromRemoteUseCaseTests.swift */; };
		9A544F322F211CA900B3BB87 /* RemoteFeedLoader.swift in Sources */ = {isa = PBXBuildFile; fileRef = 9A544F312F211CA900B3BB87 /* RemoteFeedLoader.swift */; };
		9A544F342F26FB7B00B3BB87 /* HTTPClient.swift in Sources */ = {isa = PBXBuildFile; fileRef = 9A544F332F26FB7B00B3BB87 /* HTTPClient.swift */; };
		9A544F362F26FC6D00B3BB87 /* FeedItemMapper.swift in Sources */ = {isa = PBXBuildFile; fileRef = 9A544F352F26FC6D00B3BB87 /* FeedItemMapper.swift */; };
		9A544F392F2BBEB300B3BB87 /* URLSessionHTTPClientTests.swift in Sources */ = {isa = PBXBuildFile; fileRef = 9A544F382F2BBEB300B3BB87 /* URLSessionHTTPClientTests.swift */; };
		9A544F3C2F2E7BFC00B3BB87 /* XCTestCase+MemoryLeakTrackingHelper.swift in Sources */ = {isa = PBXBuildFile; fileRef = 9A544F3B2F2E7BFC00B3BB87 /* XCTestCase+MemoryLeakTrackingHelper.swift */; };
		9A544F3E2F2EB39400B3BB87 /* URLSessionHTTPClient.swift in Sources */ = {isa = PBXBuildFile; fileRef = 9A544F3D2F2EB39400B3BB87 /* URLSessionHTTPClient.swift */; };
		9A76B4132F551CDB000E5A92 /* CoreDataHelper.swift in Sources */ = {isa = PBXBuildFile; fileRef = 9A76B4122F551CDB000E5A92 /* CoreDataHelper.swift */; };
		9A76B4152F551E18000E5A92 /* ManagedCache.swift in Sources */ = {isa = PBXBuildFile; fileRef = 9A76B4142F551E18000E5A92 /* ManagedCache.swift */; };
		9A76B4172F551E2E000E5A92 /* ManagedFeedImage.swift in Sources */ = {isa = PBXBuildFile; fileRef = 9A76B4162F551E2E000E5A92 /* ManagedFeedImage.swift */; };
		9ABA1A552F2F5F2200B63CA8 /* EssentialFeedAPIEndToEndTests.swift in Sources */ = {isa = PBXBuildFile; fileRef = 9ABA1A542F2F5F2200B63CA8 /* EssentialFeedAPIEndToEndTests.swift */; };
		9ABA1A562F2F5F2200B63CA8 /* EssentialFeed.framework in Frameworks */ = {isa = PBXBuildFile; fileRef = 9A08D8A92F1CA3C1004FAED9 /* EssentialFeed.framework */; };
		9ABA1A5C2F2F6EFA00B63CA8 /* XCTestCase+MemoryLeakTrackingHelper.swift in Sources */ = {isa = PBXBuildFile; fileRef = 9A544F3B2F2E7BFC00B3BB87 /* XCTestCase+MemoryLeakTrackingHelper.swift */; };
		9AD83F502F57BD300036F5BC /* EssentialFeedCacheIntegrationTests.swift in Sources */ = {isa = PBXBuildFile; fileRef = 9AD83F4F2F57BD300036F5BC /* EssentialFeedCacheIntegrationTests.swift */; };
		9AD83F512F57BD300036F5BC /* EssentialFeed.framework in Frameworks */ = {isa = PBXBuildFile; fileRef = 9A08D8A92F1CA3C1004FAED9 /* EssentialFeed.framework */; };
/* End PBXBuildFile section */

/* Begin PBXContainerItemProxy section */
		9A08D8B52F1CA3C2004FAED9 /* PBXContainerItemProxy */ = {
			isa = PBXContainerItemProxy;
			containerPortal = 9A08D8A02F1CA3C1004FAED9 /* Project object */;
			proxyType = 1;
			remoteGlobalIDString = 9A08D8A82F1CA3C1004FAED9;
			remoteInfo = EssentialFeed;
		};
		9A2C79262F65F61E00C3E37B /* PBXContainerItemProxy */ = {
			isa = PBXContainerItemProxy;
			containerPortal = 9A08D8A02F1CA3C1004FAED9 /* Project object */;
			proxyType = 1;
			remoteGlobalIDString = 9A2C791A2F65F61E00C3E37B;
			remoteInfo = EssentialFeediOS;
		};
		9ABA1A572F2F5F2200B63CA8 /* PBXContainerItemProxy */ = {
			isa = PBXContainerItemProxy;
			containerPortal = 9A08D8A02F1CA3C1004FAED9 /* Project object */;
			proxyType = 1;
			remoteGlobalIDString = 9A08D8A82F1CA3C1004FAED9;
			remoteInfo = EssentialFeed;
		};
		9AD83F522F57BD300036F5BC /* PBXContainerItemProxy */ = {
			isa = PBXContainerItemProxy;
			containerPortal = 9A08D8A02F1CA3C1004FAED9 /* Project object */;
			proxyType = 1;
			remoteGlobalIDString = 9A08D8A82F1CA3C1004FAED9;
			remoteInfo = EssentialFeed;
		};
/* End PBXContainerItemProxy section */

/* Begin PBXFileReference section */
		9A0622002F544A22004128ED /* CoreDataFeedStoreSpecsTests.swift */ = {isa = PBXFileReference; lastKnownFileType = sourcecode.swift; path = CoreDataFeedStoreSpecsTests.swift; sourceTree = "<group>"; };
		9A0622022F546B37004128ED /* CoreDataFeedStore.swift */ = {isa = PBXFileReference; lastKnownFileType = sourcecode.swift; path = CoreDataFeedStore.swift; sourceTree = "<group>"; };
		9A0622042F547000004128ED /* FeedStore.xcdatamodeld */ = {isa = PBXFileReference; lastKnownFileType = wrapper.xcdatamodeld; path = FeedStore.xcdatamodeld; sourceTree = "<group>"; };
		9A08D8A92F1CA3C1004FAED9 /* EssentialFeed.framework */ = {isa = PBXFileReference; explicitFileType = wrapper.framework; includeInIndex = 0; path = EssentialFeed.framework; sourceTree = BUILT_PRODUCTS_DIR; };
		9A08D8AD2F1CA3C1004FAED9 /* EssentialFeed.docc */ = {isa = PBXFileReference; lastKnownFileType = folder.documentationcatalog; path = EssentialFeed.docc; sourceTree = "<group>"; };
		9A08D8B32F1CA3C2004FAED9 /* EssentialFeedTests.xctest */ = {isa = PBXFileReference; explicitFileType = wrapper.cfbundle; includeInIndex = 0; path = EssentialFeedTests.xctest; sourceTree = BUILT_PRODUCTS_DIR; };
		9A08D8C32F1CA417004FAED9 /* FeedImage.swift */ = {isa = PBXFileReference; lastKnownFileType = sourcecode.swift; path = FeedImage.swift; sourceTree = "<group>"; };
		9A08D8C52F1CA832004FAED9 /* FeedLoader.swift */ = {isa = PBXFileReference; lastKnownFileType = sourcecode.swift; path = FeedLoader.swift; sourceTree = "<group>"; };
		9A2C78EE2F57CDF000C3E37B /* CI.xctestplan */ = {isa = PBXFileReference; lastKnownFileType = text; path = CI.xctestplan; sourceTree = "<group>"; };
		9A2C79152F659B1B00C3E37B /* EssentialFeedAPIEndToEndTests.xctestplan */ = {isa = PBXFileReference; lastKnownFileType = text; path = EssentialFeedAPIEndToEndTests.xctestplan; sourceTree = "<group>"; };
		9A2C791B2F65F61E00C3E37B /* EssentialFeediOS.framework */ = {isa = PBXFileReference; explicitFileType = wrapper.framework; includeInIndex = 0; path = EssentialFeediOS.framework; sourceTree = BUILT_PRODUCTS_DIR; };
		9A2C791E2F65F61E00C3E37B /* EssentialFeediOS.docc */ = {isa = PBXFileReference; lastKnownFileType = folder.documentationcatalog; path = EssentialFeediOS.docc; sourceTree = "<group>"; };
		9A2C79242F65F61E00C3E37B /* EssentialFeediOSTests.xctest */ = {isa = PBXFileReference; explicitFileType = wrapper.cfbundle; includeInIndex = 0; path = EssentialFeediOSTests.xctest; sourceTree = BUILT_PRODUCTS_DIR; };
		9A2C79322F65F87600C3E37B /* EssentialFeediOS.xctestplan */ = {isa = PBXFileReference; lastKnownFileType = text; path = EssentialFeediOS.xctestplan; sourceTree = "<group>"; };
		9A2C79332F66035D00C3E37B /* CI_iOS.xctestplan */ = {isa = PBXFileReference; lastKnownFileType = text; path = CI_iOS.xctestplan; sourceTree = "<group>"; };
		9A2C793A2F68343B00C3E37B /* FeedViewControllerTests.swift */ = {isa = PBXFileReference; lastKnownFileType = sourcecode.swift; path = FeedViewControllerTests.swift; sourceTree = "<group>"; };
		9A2C79412F6A5DC900C3E37B /* FeedViewController.swift */ = {isa = PBXFileReference; lastKnownFileType = sourcecode.swift; path = FeedViewController.swift; sourceTree = "<group>"; };
		9A2C79432F6BA22000C3E37B /* FeedImageCell.swift */ = {isa = PBXFileReference; lastKnownFileType = sourcecode.swift; path = FeedImageCell.swift; sourceTree = "<group>"; };
		9A2C79452F6F667400C3E37B /* UIView+Shimmering.swift */ = {isa = PBXFileReference; lastKnownFileType = sourcecode.swift; path = "UIView+Shimmering.swift"; sourceTree = "<group>"; };
		9A2C79492F70550400C3E37B /* FeedImageDataLoader.swift */ = {isa = PBXFileReference; lastKnownFileType = sourcecode.swift; path = FeedImageDataLoader.swift; sourceTree = "<group>"; };
		9A2C794E2F70658A00C3E37B /* FeedRefreshViewController.swift */ = {isa = PBXFileReference; lastKnownFileType = sourcecode.swift; path = FeedRefreshViewController.swift; sourceTree = "<group>"; };
		9A2C79502F70B82C00C3E37B /* FeedImageCellController.swift */ = {isa = PBXFileReference; lastKnownFileType = sourcecode.swift; path = FeedImageCellController.swift; sourceTree = "<group>"; };
		9A2C79532F70E74700C3E37B /* FeedUIComposer.swift */ = {isa = PBXFileReference; lastKnownFileType = sourcecode.swift; path = FeedUIComposer.swift; sourceTree = "<group>"; };
		9A2C795C2F78A47300C3E37B /* FeedPresenter.swift */ = {isa = PBXFileReference; lastKnownFileType = sourcecode.swift; path = FeedPresenter.swift; sourceTree = "<group>"; };
		9A2C795E2F7A7B0600C3E37B /* FeedImagePresenter.swift */ = {isa = PBXFileReference; lastKnownFileType = sourcecode.swift; path = FeedImagePresenter.swift; sourceTree = "<group>"; };
		9A2C79602F7A995700C3E37B /* FeedImageViewModel.swift */ = {isa = PBXFileReference; lastKnownFileType = sourcecode.swift; path = FeedImageViewModel.swift; sourceTree = "<group>"; };
		9A2C79622F7A998000C3E37B /* FeedLoadingViewModel.swift */ = {isa = PBXFileReference; lastKnownFileType = sourcecode.swift; path = FeedLoadingViewModel.swift; sourceTree = "<group>"; };
		9A2C79642F7A99AA00C3E37B /* FeedViewModel.swift */ = {isa = PBXFileReference; lastKnownFileType = sourcecode.swift; path = FeedViewModel.swift; sourceTree = "<group>"; };
		9A4E241A2F37472500E82615 /* CacheFeedUseCaseTests.swift */ = {isa = PBXFileReference; lastKnownFileType = sourcecode.swift; path = CacheFeedUseCaseTests.swift; sourceTree = "<group>"; };
		9A4E241D2F39B9A600E82615 /* LocalFeedLoader.swift */ = {isa = PBXFileReference; lastKnownFileType = sourcecode.swift; path = LocalFeedLoader.swift; sourceTree = "<group>"; };
		9A4E241F2F39BAE300E82615 /* FeedStore.swift */ = {isa = PBXFileReference; lastKnownFileType = sourcecode.swift; path = FeedStore.swift; sourceTree = "<group>"; };
		9A4E24212F3C3A6200E82615 /* RemoteFeedItem.swift */ = {isa = PBXFileReference; lastKnownFileType = sourcecode.swift; path = RemoteFeedItem.swift; sourceTree = "<group>"; };
		9A4E24232F3C3DA900E82615 /* LocalFeedImage.swift */ = {isa = PBXFileReference; lastKnownFileType = sourcecode.swift; path = LocalFeedImage.swift; sourceTree = "<group>"; };
		9A4E24252F3D71F900E82615 /*  LoadFeedFromCacheUseCaseTests.swift */ = {isa = PBXFileReference; lastKnownFileType = sourcecode.swift; path = " LoadFeedFromCacheUseCaseTests.swift"; sourceTree = "<group>"; };
		9A4E24282F3D73AC00E82615 /* FeedStoreSpy.swift */ = {isa = PBXFileReference; lastKnownFileType = sourcecode.swift; path = FeedStoreSpy.swift; sourceTree = "<group>"; };
		9A4E242C2F40F18800E82615 /* ValidateFeedCacheUseCaseTests.swift */ = {isa = PBXFileReference; lastKnownFileType = sourcecode.swift; path = ValidateFeedCacheUseCaseTests.swift; sourceTree = "<group>"; };
		9A4E242E2F41185D00E82615 /* FeedCacheTestHelpers.swift */ = {isa = PBXFileReference; lastKnownFileType = sourcecode.swift; path = FeedCacheTestHelpers.swift; sourceTree = "<group>"; };
		9A4E24302F4119AC00E82615 /* SharedTestHelpers.swift */ = {isa = PBXFileReference; lastKnownFileType = sourcecode.swift; path = SharedTestHelpers.swift; sourceTree = "<group>"; };
		9A4E24322F42B14B00E82615 /* FeedCachePolicy.swift */ = {isa = PBXFileReference; lastKnownFileType = sourcecode.swift; path = FeedCachePolicy.swift; sourceTree = "<group>"; };
		9A4E24342F498E4E00E82615 /* CodableFeedStoreTests.swift */ = {isa = PBXFileReference; lastKnownFileType = sourcecode.swift; path = CodableFeedStoreTests.swift; sourceTree = "<group>"; };
		9A4E24362F4BB1D000E82615 /* CodableFeedStore.swift */ = {isa = PBXFileReference; lastKnownFileType = sourcecode.swift; path = CodableFeedStore.swift; sourceTree = "<group>"; };
		9A4E24382F4EFF2700E82615 /* FeedStoreSpecs.swift */ = {isa = PBXFileReference; lastKnownFileType = sourcecode.swift; path = FeedStoreSpecs.swift; sourceTree = "<group>"; };
		9A4E243A2F4F024000E82615 /* XCTestCase+FeedStoreSpecs.swift */ = {isa = PBXFileReference; lastKnownFileType = sourcecode.swift; path = "XCTestCase+FeedStoreSpecs.swift"; sourceTree = "<group>"; };
		9A4E243C2F4F0CEB00E82615 /* XCTestCase+FailableRetrieveFeedStoreSpecs.swift */ = {isa = PBXFileReference; lastKnownFileType = sourcecode.swift; path = "XCTestCase+FailableRetrieveFeedStoreSpecs.swift"; sourceTree = "<group>"; };
		9A4E243E2F4F4CE700E82615 /* XCTestCase+FailableInsertFeedStoreSpecs.swift */ = {isa = PBXFileReference; lastKnownFileType = sourcecode.swift; path = "XCTestCase+FailableInsertFeedStoreSpecs.swift"; sourceTree = "<group>"; };
		9A4E24402F4F4F3A00E82615 /* XCTestCase+FailableDeleteFeedStoreSpecs.swift */ = {isa = PBXFileReference; lastKnownFileType = sourcecode.swift; path = "XCTestCase+FailableDeleteFeedStoreSpecs.swift"; sourceTree = "<group>"; };
		9A544F2E2F1F339200B3BB87 /* LoadFeedFromRemoteUseCaseTests.swift */ = {isa = PBXFileReference; lastKnownFileType = sourcecode.swift; path = LoadFeedFromRemoteUseCaseTests.swift; sourceTree = "<group>"; };
		9A544F312F211CA900B3BB87 /* RemoteFeedLoader.swift */ = {isa = PBXFileReference; lastKnownFileType = sourcecode.swift; path = RemoteFeedLoader.swift; sourceTree = "<group>"; };
		9A544F332F26FB7B00B3BB87 /* HTTPClient.swift */ = {isa = PBXFileReference; lastKnownFileType = sourcecode.swift; path = HTTPClient.swift; sourceTree = "<group>"; };
		9A544F352F26FC6D00B3BB87 /* FeedItemMapper.swift */ = {isa = PBXFileReference; lastKnownFileType = sourcecode.swift; path = FeedItemMapper.swift; sourceTree = "<group>"; };
		9A544F382F2BBEB300B3BB87 /* URLSessionHTTPClientTests.swift */ = {isa = PBXFileReference; lastKnownFileType = sourcecode.swift; path = URLSessionHTTPClientTests.swift; sourceTree = "<group>"; };
		9A544F3B2F2E7BFC00B3BB87 /* XCTestCase+MemoryLeakTrackingHelper.swift */ = {isa = PBXFileReference; lastKnownFileType = sourcecode.swift; path = "XCTestCase+MemoryLeakTrackingHelper.swift"; sourceTree = "<group>"; };
		9A544F3D2F2EB39400B3BB87 /* URLSessionHTTPClient.swift */ = {isa = PBXFileReference; lastKnownFileType = sourcecode.swift; path = URLSessionHTTPClient.swift; sourceTree = "<group>"; };
		9A76B4122F551CDB000E5A92 /* CoreDataHelper.swift */ = {isa = PBXFileReference; lastKnownFileType = sourcecode.swift; path = CoreDataHelper.swift; sourceTree = "<group>"; };
		9A76B4142F551E18000E5A92 /* ManagedCache.swift */ = {isa = PBXFileReference; lastKnownFileType = sourcecode.swift; path = ManagedCache.swift; sourceTree = "<group>"; };
		9A76B4162F551E2E000E5A92 /* ManagedFeedImage.swift */ = {isa = PBXFileReference; lastKnownFileType = sourcecode.swift; path = ManagedFeedImage.swift; sourceTree = "<group>"; };
		9ABA1A522F2F5F2200B63CA8 /* EssentialFeedAPIEndToEndTests.xctest */ = {isa = PBXFileReference; explicitFileType = wrapper.cfbundle; includeInIndex = 0; path = EssentialFeedAPIEndToEndTests.xctest; sourceTree = BUILT_PRODUCTS_DIR; };
		9ABA1A542F2F5F2200B63CA8 /* EssentialFeedAPIEndToEndTests.swift */ = {isa = PBXFileReference; lastKnownFileType = sourcecode.swift; path = EssentialFeedAPIEndToEndTests.swift; sourceTree = "<group>"; };
		9AD83F4D2F57BD300036F5BC /* EssentialFeedCacheIntegrationTests.xctest */ = {isa = PBXFileReference; explicitFileType = wrapper.cfbundle; includeInIndex = 0; path = EssentialFeedCacheIntegrationTests.xctest; sourceTree = BUILT_PRODUCTS_DIR; };
		9AD83F4F2F57BD300036F5BC /* EssentialFeedCacheIntegrationTests.swift */ = {isa = PBXFileReference; lastKnownFileType = sourcecode.swift; path = EssentialFeedCacheIntegrationTests.swift; sourceTree = "<group>"; };
		9AD83F572F57BDCA0036F5BC /* EssentialFeedCacheIntegrationTests.xctestplan */ = {isa = PBXFileReference; lastKnownFileType = text; path = EssentialFeedCacheIntegrationTests.xctestplan; sourceTree = "<group>"; };
/* End PBXFileReference section */

/* Begin PBXFrameworksBuildPhase section */
		9A08D8A62F1CA3C1004FAED9 /* Frameworks */ = {
			isa = PBXFrameworksBuildPhase;
			buildActionMask = 2147483647;
			files = (
			);
			runOnlyForDeploymentPostprocessing = 0;
		};
		9A08D8B02F1CA3C2004FAED9 /* Frameworks */ = {
			isa = PBXFrameworksBuildPhase;
			buildActionMask = 2147483647;
			files = (
				9A08D8B42F1CA3C2004FAED9 /* EssentialFeed.framework in Frameworks */,
			);
			runOnlyForDeploymentPostprocessing = 0;
		};
		9A2C79182F65F61E00C3E37B /* Frameworks */ = {
			isa = PBXFrameworksBuildPhase;
			buildActionMask = 2147483647;
			files = (
				9A2C793F2F6A35EC00C3E37B /* EssentialFeed.framework in Frameworks */,
			);
			runOnlyForDeploymentPostprocessing = 0;
		};
		9A2C79212F65F61E00C3E37B /* Frameworks */ = {
			isa = PBXFrameworksBuildPhase;
			buildActionMask = 2147483647;
			files = (
				9A2C79252F65F61E00C3E37B /* EssentialFeediOS.framework in Frameworks */,
			);
			runOnlyForDeploymentPostprocessing = 0;
		};
		9ABA1A4F2F2F5F2200B63CA8 /* Frameworks */ = {
			isa = PBXFrameworksBuildPhase;
			buildActionMask = 2147483647;
			files = (
				9ABA1A562F2F5F2200B63CA8 /* EssentialFeed.framework in Frameworks */,
			);
			runOnlyForDeploymentPostprocessing = 0;
		};
		9AD83F4A2F57BD300036F5BC /* Frameworks */ = {
			isa = PBXFrameworksBuildPhase;
			buildActionMask = 2147483647;
			files = (
				9AD83F512F57BD300036F5BC /* EssentialFeed.framework in Frameworks */,
			);
			runOnlyForDeploymentPostprocessing = 0;
		};
/* End PBXFrameworksBuildPhase section */

/* Begin PBXGroup section */
		9A08D89F2F1CA3C1004FAED9 = {
			isa = PBXGroup;
			children = (
				9A2C79332F66035D00C3E37B /* CI_iOS.xctestplan */,
				9A2C79322F65F87600C3E37B /* EssentialFeediOS.xctestplan */,
				9A2C79152F659B1B00C3E37B /* EssentialFeedAPIEndToEndTests.xctestplan */,
				9A2C78EE2F57CDF000C3E37B /* CI.xctestplan */,
				9AD83F572F57BDCA0036F5BC /* EssentialFeedCacheIntegrationTests.xctestplan */,
				9A08D8AB2F1CA3C1004FAED9 /* EssentialFeed */,
				9A08D8B72F1CA3C2004FAED9 /* EssentialFeedTests */,
				9ABA1A532F2F5F2200B63CA8 /* EssentialFeedAPIEndToEndTests */,
				9AD83F4E2F57BD300036F5BC /* EssentialFeedCacheIntegrationTests */,
				9A2C791C2F65F61E00C3E37B /* EssentialFeediOS */,
				9A2C79282F65F61E00C3E37B /* EssentialFeediOSTests */,
				9A08D8AA2F1CA3C1004FAED9 /* Products */,
				9A2C793E2F6A35EC00C3E37B /* Frameworks */,
			);
			sourceTree = "<group>";
		};
		9A08D8AA2F1CA3C1004FAED9 /* Products */ = {
			isa = PBXGroup;
			children = (
				9A08D8A92F1CA3C1004FAED9 /* EssentialFeed.framework */,
				9A08D8B32F1CA3C2004FAED9 /* EssentialFeedTests.xctest */,
				9ABA1A522F2F5F2200B63CA8 /* EssentialFeedAPIEndToEndTests.xctest */,
				9AD83F4D2F57BD300036F5BC /* EssentialFeedCacheIntegrationTests.xctest */,
				9A2C791B2F65F61E00C3E37B /* EssentialFeediOS.framework */,
				9A2C79242F65F61E00C3E37B /* EssentialFeediOSTests.xctest */,
			);
			name = Products;
			sourceTree = "<group>";
		};
		9A08D8AB2F1CA3C1004FAED9 /* EssentialFeed */ = {
			isa = PBXGroup;
			children = (
				9A4E241C2F39B97900E82615 /* Feed Cache */,
				9A544F302F211C8400B3BB87 /* Feed API */,
				9A08D8C82F1CAD60004FAED9 /* Feed Feature */,
				9A08D8AD2F1CA3C1004FAED9 /* EssentialFeed.docc */,
			);
			path = EssentialFeed;
			sourceTree = "<group>";
		};
		9A08D8B72F1CA3C2004FAED9 /* EssentialFeedTests */ = {
			isa = PBXGroup;
			children = (
				9A544F3A2F2E7BC800B3BB87 /* Helpers */,
				9A4E24192F3746C600E82615 /* Feed Cache */,
				9A544F372F27107200B3BB87 /* FeedAPI */,
			);
			path = EssentialFeedTests;
			sourceTree = "<group>";
		};
		9A08D8C82F1CAD60004FAED9 /* Feed Feature */ = {
			isa = PBXGroup;
			children = (
				9A08D8C32F1CA417004FAED9 /* FeedImage.swift */,
				9A08D8C52F1CA832004FAED9 /* FeedLoader.swift */,
			);
			path = "Feed Feature";
			sourceTree = "<group>";
		};
		9A2C791C2F65F61E00C3E37B /* EssentialFeediOS */ = {
			isa = PBXGroup;
			children = (
				9A2C791E2F65F61E00C3E37B /* EssentialFeediOS.docc */,
				9A2C795B2F78A3CF00C3E37B /* Feed Presentation */,
				9A2C79482F7054DE00C3E37B /* Feed Image Loader */,
				9A2C794B2F70553000C3E37B /* Feed UI */,
			);
			path = EssentialFeediOS;
			sourceTree = "<group>";
		};
		9A2C79282F65F61E00C3E37B /* EssentialFeediOSTests */ = {
			isa = PBXGroup;
			children = (
				9A2C793A2F68343B00C3E37B /* FeedViewControllerTests.swift */,
			);
			path = EssentialFeediOSTests;
			sourceTree = "<group>";
		};
		9A2C793E2F6A35EC00C3E37B /* Frameworks */ = {
			isa = PBXGroup;
			children = (
			);
			name = Frameworks;
			sourceTree = "<group>";
		};
		9A2C79482F7054DE00C3E37B /* Feed Image Loader */ = {
			isa = PBXGroup;
			children = (
				9A2C79492F70550400C3E37B /* FeedImageDataLoader.swift */,
			);
			path = "Feed Image Loader";
			sourceTree = "<group>";
		};
		9A2C794B2F70553000C3E37B /* Feed UI */ = {
			isa = PBXGroup;
			children = (
				9A2C79522F70E72500C3E37B /* Composers */,
				9A2C794C2F70555600C3E37B /* Controllers */,
				9A2C794D2F70555E00C3E37B /* Views */,
			);
			path = "Feed UI";
			sourceTree = "<group>";
		};
		9A2C794C2F70555600C3E37B /* Controllers */ = {
			isa = PBXGroup;
			children = (
				9A2C79412F6A5DC900C3E37B /* FeedViewController.swift */,
				9A2C794E2F70658A00C3E37B /* FeedRefreshViewController.swift */,
				9A2C79502F70B82C00C3E37B /* FeedImageCellController.swift */,
			);
			path = Controllers;
			sourceTree = "<group>";
		};
		9A2C794D2F70555E00C3E37B /* Views */ = {
			isa = PBXGroup;
			children = (
				9A2C79432F6BA22000C3E37B /* FeedImageCell.swift */,
				9A2C79452F6F667400C3E37B /* UIView+Shimmering.swift */,
			);
			path = Views;
			sourceTree = "<group>";
		};
		9A2C79522F70E72500C3E37B /* Composers */ = {
			isa = PBXGroup;
			children = (
				9A2C79532F70E74700C3E37B /* FeedUIComposer.swift */,
			);
			path = Composers;
			sourceTree = "<group>";
		};
		9A2C795B2F78A3CF00C3E37B /* Feed Presentation */ = {
			isa = PBXGroup;
			children = (
				9A2C795C2F78A47300C3E37B /* FeedPresenter.swift */,
				9A2C795E2F7A7B0600C3E37B /* FeedImagePresenter.swift */,
				9A2C79602F7A995700C3E37B /* FeedImageViewModel.swift */,
				9A2C79622F7A998000C3E37B /* FeedLoadingViewModel.swift */,
				9A2C79642F7A99AA00C3E37B /* FeedViewModel.swift */,
			);
			path = "Feed Presentation";
			sourceTree = "<group>";
		};
		9A4E24192F3746C600E82615 /* Feed Cache */ = {
			isa = PBXGroup;
			children = (
				9A4E24422F4F51D600E82615 /* FeedStoreSpecs */,
				9A4E24272F3D73A000E82615 /* Helpers */,
				9A4E241A2F37472500E82615 /* CacheFeedUseCaseTests.swift */,
				9A4E24252F3D71F900E82615 /*  LoadFeedFromCacheUseCaseTests.swift */,
				9A4E242C2F40F18800E82615 /* ValidateFeedCacheUseCaseTests.swift */,
				9A4E24342F498E4E00E82615 /* CodableFeedStoreTests.swift */,
				9A4E24382F4EFF2700E82615 /* FeedStoreSpecs.swift */,
				9A0622002F544A22004128ED /* CoreDataFeedStoreSpecsTests.swift */,
			);
			path = "Feed Cache";
			sourceTree = "<group>";
		};
		9A4E241C2F39B97900E82615 /* Feed Cache */ = {
			isa = PBXGroup;
			children = (
				9A4E241D2F39B9A600E82615 /* LocalFeedLoader.swift */,
				9A4E241F2F39BAE300E82615 /* FeedStore.swift */,
				9A4E24232F3C3DA900E82615 /* LocalFeedImage.swift */,
				9A4E24322F42B14B00E82615 /* FeedCachePolicy.swift */,
				9A4E24362F4BB1D000E82615 /* CodableFeedStore.swift */,
				9A76B4102F551AB5000E5A92 /* Infrastructure */,
			);
			path = "Feed Cache";
			sourceTree = "<group>";
		};
		9A4E24272F3D73A000E82615 /* Helpers */ = {
			isa = PBXGroup;
			children = (
				9A4E24282F3D73AC00E82615 /* FeedStoreSpy.swift */,
				9A4E242E2F41185D00E82615 /* FeedCacheTestHelpers.swift */,
			);
			path = Helpers;
			sourceTree = "<group>";
		};
		9A4E24422F4F51D600E82615 /* FeedStoreSpecs */ = {
			isa = PBXGroup;
			children = (
				9A4E243A2F4F024000E82615 /* XCTestCase+FeedStoreSpecs.swift */,
				9A4E243C2F4F0CEB00E82615 /* XCTestCase+FailableRetrieveFeedStoreSpecs.swift */,
				9A4E243E2F4F4CE700E82615 /* XCTestCase+FailableInsertFeedStoreSpecs.swift */,
				9A4E24402F4F4F3A00E82615 /* XCTestCase+FailableDeleteFeedStoreSpecs.swift */,
			);
			path = FeedStoreSpecs;
			sourceTree = "<group>";
		};
		9A544F302F211C8400B3BB87 /* Feed API */ = {
			isa = PBXGroup;
			children = (
				9A544F312F211CA900B3BB87 /* RemoteFeedLoader.swift */,
				9A544F332F26FB7B00B3BB87 /* HTTPClient.swift */,
				9A544F352F26FC6D00B3BB87 /* FeedItemMapper.swift */,
				9A544F3D2F2EB39400B3BB87 /* URLSessionHTTPClient.swift */,
				9A4E24212F3C3A6200E82615 /* RemoteFeedItem.swift */,
			);
			path = "Feed API";
			sourceTree = "<group>";
		};
		9A544F372F27107200B3BB87 /* FeedAPI */ = {
			isa = PBXGroup;
			children = (
				9A544F2E2F1F339200B3BB87 /* LoadFeedFromRemoteUseCaseTests.swift */,
				9A544F382F2BBEB300B3BB87 /* URLSessionHTTPClientTests.swift */,
			);
			path = FeedAPI;
			sourceTree = "<group>";
		};
		9A544F3A2F2E7BC800B3BB87 /* Helpers */ = {
			isa = PBXGroup;
			children = (
				9A544F3B2F2E7BFC00B3BB87 /* XCTestCase+MemoryLeakTrackingHelper.swift */,
				9A4E24302F4119AC00E82615 /* SharedTestHelpers.swift */,
			);
			path = Helpers;
			sourceTree = "<group>";
		};
		9A76B4102F551AB5000E5A92 /* Infrastructure */ = {
			isa = PBXGroup;
			children = (
				9A76B4112F551ACA000E5A92 /* Coredata */,
			);
			path = Infrastructure;
			sourceTree = "<group>";
		};
		9A76B4112F551ACA000E5A92 /* Coredata */ = {
			isa = PBXGroup;
			children = (
				9A0622042F547000004128ED /* FeedStore.xcdatamodeld */,
				9A0622022F546B37004128ED /* CoreDataFeedStore.swift */,
				9A76B4122F551CDB000E5A92 /* CoreDataHelper.swift */,
				9A76B4142F551E18000E5A92 /* ManagedCache.swift */,
				9A76B4162F551E2E000E5A92 /* ManagedFeedImage.swift */,
			);
			path = Coredata;
			sourceTree = "<group>";
		};
		9ABA1A532F2F5F2200B63CA8 /* EssentialFeedAPIEndToEndTests */ = {
			isa = PBXGroup;
			children = (
				9ABA1A542F2F5F2200B63CA8 /* EssentialFeedAPIEndToEndTests.swift */,
			);
			path = EssentialFeedAPIEndToEndTests;
			sourceTree = "<group>";
		};
		9AD83F4E2F57BD300036F5BC /* EssentialFeedCacheIntegrationTests */ = {
			isa = PBXGroup;
			children = (
				9AD83F4F2F57BD300036F5BC /* EssentialFeedCacheIntegrationTests.swift */,
			);
			path = EssentialFeedCacheIntegrationTests;
			sourceTree = "<group>";
		};
/* End PBXGroup section */

/* Begin PBXHeadersBuildPhase section */
		9A08D8A42F1CA3C1004FAED9 /* Headers */ = {
			isa = PBXHeadersBuildPhase;
			buildActionMask = 2147483647;
			files = (
			);
			runOnlyForDeploymentPostprocessing = 0;
		};
		9A2C79162F65F61E00C3E37B /* Headers */ = {
			isa = PBXHeadersBuildPhase;
			buildActionMask = 2147483647;
			files = (
			);
			runOnlyForDeploymentPostprocessing = 0;
		};
/* End PBXHeadersBuildPhase section */

/* Begin PBXNativeTarget section */
		9A08D8A82F1CA3C1004FAED9 /* EssentialFeed */ = {
			isa = PBXNativeTarget;
			buildConfigurationList = 9A08D8BD2F1CA3C2004FAED9 /* Build configuration list for PBXNativeTarget "EssentialFeed" */;
			buildPhases = (
				9A08D8A42F1CA3C1004FAED9 /* Headers */,
				9A08D8A52F1CA3C1004FAED9 /* Sources */,
				9A08D8A62F1CA3C1004FAED9 /* Frameworks */,
				9A08D8A72F1CA3C1004FAED9 /* Resources */,
			);
			buildRules = (
			);
			dependencies = (
			);
			name = EssentialFeed;
			productName = EssentialFeed;
			productReference = 9A08D8A92F1CA3C1004FAED9 /* EssentialFeed.framework */;
			productType = "com.apple.product-type.framework";
		};
		9A08D8B22F1CA3C2004FAED9 /* EssentialFeedTests */ = {
			isa = PBXNativeTarget;
			buildConfigurationList = 9A08D8C02F1CA3C2004FAED9 /* Build configuration list for PBXNativeTarget "EssentialFeedTests" */;
			buildPhases = (
				9A08D8AF2F1CA3C2004FAED9 /* Sources */,
				9A08D8B02F1CA3C2004FAED9 /* Frameworks */,
				9A08D8B12F1CA3C2004FAED9 /* Resources */,
			);
			buildRules = (
			);
			dependencies = (
				9A08D8B62F1CA3C2004FAED9 /* PBXTargetDependency */,
			);
			name = EssentialFeedTests;
			productName = EssentialFeedTests;
			productReference = 9A08D8B32F1CA3C2004FAED9 /* EssentialFeedTests.xctest */;
			productType = "com.apple.product-type.bundle.unit-test";
		};
		9A2C791A2F65F61E00C3E37B /* EssentialFeediOS */ = {
			isa = PBXNativeTarget;
			buildConfigurationList = 9A2C792C2F65F61E00C3E37B /* Build configuration list for PBXNativeTarget "EssentialFeediOS" */;
			buildPhases = (
				9A2C79162F65F61E00C3E37B /* Headers */,
				9A2C79172F65F61E00C3E37B /* Sources */,
				9A2C79182F65F61E00C3E37B /* Frameworks */,
				9A2C79192F65F61E00C3E37B /* Resources */,
			);
			buildRules = (
			);
			dependencies = (
			);
			name = EssentialFeediOS;
			productName = EssentialFeediOS;
			productReference = 9A2C791B2F65F61E00C3E37B /* EssentialFeediOS.framework */;
			productType = "com.apple.product-type.framework";
		};
		9A2C79232F65F61E00C3E37B /* EssentialFeediOSTests */ = {
			isa = PBXNativeTarget;
			buildConfigurationList = 9A2C792F2F65F61E00C3E37B /* Build configuration list for PBXNativeTarget "EssentialFeediOSTests" */;
			buildPhases = (
				9A2C79202F65F61E00C3E37B /* Sources */,
				9A2C79212F65F61E00C3E37B /* Frameworks */,
				9A2C79222F65F61E00C3E37B /* Resources */,
			);
			buildRules = (
			);
			dependencies = (
				9A2C79272F65F61E00C3E37B /* PBXTargetDependency */,
			);
			name = EssentialFeediOSTests;
			productName = EssentialFeediOSTests;
			productReference = 9A2C79242F65F61E00C3E37B /* EssentialFeediOSTests.xctest */;
			productType = "com.apple.product-type.bundle.unit-test";
		};
		9ABA1A512F2F5F2200B63CA8 /* EssentialFeedAPIEndToEndTests */ = {
			isa = PBXNativeTarget;
			buildConfigurationList = 9ABA1A5B2F2F5F2200B63CA8 /* Build configuration list for PBXNativeTarget "EssentialFeedAPIEndToEndTests" */;
			buildPhases = (
				9ABA1A4E2F2F5F2200B63CA8 /* Sources */,
				9ABA1A4F2F2F5F2200B63CA8 /* Frameworks */,
				9ABA1A502F2F5F2200B63CA8 /* Resources */,
			);
			buildRules = (
			);
			dependencies = (
				9ABA1A582F2F5F2200B63CA8 /* PBXTargetDependency */,
			);
			name = EssentialFeedAPIEndToEndTests;
			productName = EssentialFeedAPIEndToEndTests;
			productReference = 9ABA1A522F2F5F2200B63CA8 /* EssentialFeedAPIEndToEndTests.xctest */;
			productType = "com.apple.product-type.bundle.unit-test";
		};
		9AD83F4C2F57BD300036F5BC /* EssentialFeedCacheIntegrationTests */ = {
			isa = PBXNativeTarget;
			buildConfigurationList = 9AD83F562F57BD300036F5BC /* Build configuration list for PBXNativeTarget "EssentialFeedCacheIntegrationTests" */;
			buildPhases = (
				9AD83F492F57BD300036F5BC /* Sources */,
				9AD83F4A2F57BD300036F5BC /* Frameworks */,
				9AD83F4B2F57BD300036F5BC /* Resources */,
			);
			buildRules = (
			);
			dependencies = (
				9AD83F532F57BD300036F5BC /* PBXTargetDependency */,
			);
			name = EssentialFeedCacheIntegrationTests;
			productName = EssentialFeedCacheIntegrationTests;
			productReference = 9AD83F4D2F57BD300036F5BC /* EssentialFeedCacheIntegrationTests.xctest */;
			productType = "com.apple.product-type.bundle.unit-test";
		};
/* End PBXNativeTarget section */

/* Begin PBXProject section */
		9A08D8A02F1CA3C1004FAED9 /* Project object */ = {
			isa = PBXProject;
			attributes = {
				BuildIndependentTargetsInParallel = 1;
				LastSwiftUpdateCheck = 1540;
				LastUpgradeCheck = 1540;
				TargetAttributes = {
					9A08D8A82F1CA3C1004FAED9 = {
						CreatedOnToolsVersion = 15.4;
					};
					9A08D8B22F1CA3C2004FAED9 = {
						CreatedOnToolsVersion = 15.4;
					};
					9A2C791A2F65F61E00C3E37B = {
						CreatedOnToolsVersion = 15.4;
					};
					9A2C79232F65F61E00C3E37B = {
						CreatedOnToolsVersion = 15.4;
						LastSwiftMigration = 1540;
					};
					9ABA1A512F2F5F2200B63CA8 = {
						CreatedOnToolsVersion = 15.4;
					};
					9AD83F4C2F57BD300036F5BC = {
						CreatedOnToolsVersion = 15.4;
					};
				};
			};
			buildConfigurationList = 9A08D8A32F1CA3C1004FAED9 /* Build configuration list for PBXProject "EssentialFeed" */;
			compatibilityVersion = "Xcode 14.0";
			developmentRegion = en;
			hasScannedForEncodings = 0;
			knownRegions = (
				en,
				Base,
			);
			mainGroup = 9A08D89F2F1CA3C1004FAED9;
			productRefGroup = 9A08D8AA2F1CA3C1004FAED9 /* Products */;
			projectDirPath = "";
			projectRoot = "";
			targets = (
				9A08D8A82F1CA3C1004FAED9 /* EssentialFeed */,
				9A08D8B22F1CA3C2004FAED9 /* EssentialFeedTests */,
				9ABA1A512F2F5F2200B63CA8 /* EssentialFeedAPIEndToEndTests */,
				9AD83F4C2F57BD300036F5BC /* EssentialFeedCacheIntegrationTests */,
				9A2C791A2F65F61E00C3E37B /* EssentialFeediOS */,
				9A2C79232F65F61E00C3E37B /* EssentialFeediOSTests */,
			);
		};
/* End PBXProject section */

/* Begin PBXResourcesBuildPhase section */
		9A08D8A72F1CA3C1004FAED9 /* Resources */ = {
			isa = PBXResourcesBuildPhase;
			buildActionMask = 2147483647;
			files = (
				9A0622052F547000004128ED /* FeedStore.xcdatamodeld in Resources */,
			);
			runOnlyForDeploymentPostprocessing = 0;
		};
		9A08D8B12F1CA3C2004FAED9 /* Resources */ = {
			isa = PBXResourcesBuildPhase;
			buildActionMask = 2147483647;
			files = (
			);
			runOnlyForDeploymentPostprocessing = 0;
		};
		9A2C79192F65F61E00C3E37B /* Resources */ = {
			isa = PBXResourcesBuildPhase;
			buildActionMask = 2147483647;
			files = (
			);
			runOnlyForDeploymentPostprocessing = 0;
		};
		9A2C79222F65F61E00C3E37B /* Resources */ = {
			isa = PBXResourcesBuildPhase;
			buildActionMask = 2147483647;
			files = (
			);
			runOnlyForDeploymentPostprocessing = 0;
		};
		9ABA1A502F2F5F2200B63CA8 /* Resources */ = {
			isa = PBXResourcesBuildPhase;
			buildActionMask = 2147483647;
			files = (
			);
			runOnlyForDeploymentPostprocessing = 0;
		};
		9AD83F4B2F57BD300036F5BC /* Resources */ = {
			isa = PBXResourcesBuildPhase;
			buildActionMask = 2147483647;
			files = (
			);
			runOnlyForDeploymentPostprocessing = 0;
		};
/* End PBXResourcesBuildPhase section */

/* Begin PBXSourcesBuildPhase section */
		9A08D8A52F1CA3C1004FAED9 /* Sources */ = {
			isa = PBXSourcesBuildPhase;
			buildActionMask = 2147483647;
			files = (
				9A76B4132F551CDB000E5A92 /* CoreDataHelper.swift in Sources */,
				9A4E24242F3C3DA900E82615 /* LocalFeedImage.swift in Sources */,
				9A4E24202F39BAE300E82615 /* FeedStore.swift in Sources */,
				9A544F3E2F2EB39400B3BB87 /* URLSessionHTTPClient.swift in Sources */,
				9A544F322F211CA900B3BB87 /* RemoteFeedLoader.swift in Sources */,
				9A544F342F26FB7B00B3BB87 /* HTTPClient.swift in Sources */,
				9A08D8C62F1CA832004FAED9 /* FeedLoader.swift in Sources */,
				9A0622032F546B37004128ED /* CoreDataFeedStore.swift in Sources */,
				9A544F362F26FC6D00B3BB87 /* FeedItemMapper.swift in Sources */,
				9A4E24222F3C3A6200E82615 /* RemoteFeedItem.swift in Sources */,
				9A4E24372F4BB1D000E82615 /* CodableFeedStore.swift in Sources */,
				9A4E24332F42B14B00E82615 /* FeedCachePolicy.swift in Sources */,
				9A08D8C42F1CA417004FAED9 /* FeedImage.swift in Sources */,
				9A4E241E2F39B9A600E82615 /* LocalFeedLoader.swift in Sources */,
				9A76B4152F551E18000E5A92 /* ManagedCache.swift in Sources */,
				9A08D8AE2F1CA3C1004FAED9 /* EssentialFeed.docc in Sources */,
				9A76B4172F551E2E000E5A92 /* ManagedFeedImage.swift in Sources */,
			);
			runOnlyForDeploymentPostprocessing = 0;
		};
		9A08D8AF2F1CA3C2004FAED9 /* Sources */ = {
			isa = PBXSourcesBuildPhase;
			buildActionMask = 2147483647;
			files = (
				9A4E24352F498E4E00E82615 /* CodableFeedStoreTests.swift in Sources */,
				9A4E242F2F41185D00E82615 /* FeedCacheTestHelpers.swift in Sources */,
				9A4E242D2F40F18800E82615 /* ValidateFeedCacheUseCaseTests.swift in Sources */,
				9A544F2F2F1F339200B3BB87 /* LoadFeedFromRemoteUseCaseTests.swift in Sources */,
				9A4E243F2F4F4CE700E82615 /* XCTestCase+FailableInsertFeedStoreSpecs.swift in Sources */,
				9A544F392F2BBEB300B3BB87 /* URLSessionHTTPClientTests.swift in Sources */,
				9A4E24292F3D73AC00E82615 /* FeedStoreSpy.swift in Sources */,
				9A4E24312F4119AC00E82615 /* SharedTestHelpers.swift in Sources */,
				9A4E241B2F37472500E82615 /* CacheFeedUseCaseTests.swift in Sources */,
				9A0622012F544A22004128ED /* CoreDataFeedStoreSpecsTests.swift in Sources */,
				9A4E24412F4F4F3A00E82615 /* XCTestCase+FailableDeleteFeedStoreSpecs.swift in Sources */,
				9A4E243D2F4F0CEB00E82615 /* XCTestCase+FailableRetrieveFeedStoreSpecs.swift in Sources */,
				9A4E24262F3D71F900E82615 /*  LoadFeedFromCacheUseCaseTests.swift in Sources */,
				9A4E24392F4EFF2700E82615 /* FeedStoreSpecs.swift in Sources */,
				9A544F3C2F2E7BFC00B3BB87 /* XCTestCase+MemoryLeakTrackingHelper.swift in Sources */,
				9A4E243B2F4F024000E82615 /* XCTestCase+FeedStoreSpecs.swift in Sources */,
			);
			runOnlyForDeploymentPostprocessing = 0;
		};
		9A2C79172F65F61E00C3E37B /* Sources */ = {
			isa = PBXSourcesBuildPhase;
			buildActionMask = 2147483647;
			files = (
				9A2C794A2F70550400C3E37B /* FeedImageDataLoader.swift in Sources */,
				9A2C79542F70E74700C3E37B /* FeedUIComposer.swift in Sources */,
				9A2C79422F6A5DC900C3E37B /* FeedViewController.swift in Sources */,
				9A2C795D2F78A47300C3E37B /* FeedPresenter.swift in Sources */,
				9A2C79612F7A995700C3E37B /* FeedImageViewModel.swift in Sources */,
				9A2C794F2F70658A00C3E37B /* FeedRefreshViewController.swift in Sources */,
				9A2C795F2F7A7B0600C3E37B /* FeedImagePresenter.swift in Sources */,
				9A2C79632F7A998000C3E37B /* FeedLoadingViewModel.swift in Sources */,
				9A2C79512F70B82C00C3E37B /* FeedImageCellController.swift in Sources */,
				9A2C79462F6F667400C3E37B /* UIView+Shimmering.swift in Sources */,
				9A2C79442F6BA22000C3E37B /* FeedImageCell.swift in Sources */,
				9A2C791F2F65F61E00C3E37B /* EssentialFeediOS.docc in Sources */,
				9A2C79652F7A99AA00C3E37B /* FeedViewModel.swift in Sources */,
			);
			runOnlyForDeploymentPostprocessing = 0;
		};
		9A2C79202F65F61E00C3E37B /* Sources */ = {
			isa = PBXSourcesBuildPhase;
			buildActionMask = 2147483647;
			files = (
				9A2C793D2F6834A600C3E37B /* FeedViewControllerTests.swift in Sources */,
				9A2C79402F6A381200C3E37B /* XCTestCase+MemoryLeakTrackingHelper.swift in Sources */,
			);
			runOnlyForDeploymentPostprocessing = 0;
		};
		9ABA1A4E2F2F5F2200B63CA8 /* Sources */ = {
			isa = PBXSourcesBuildPhase;
			buildActionMask = 2147483647;
			files = (
				9ABA1A552F2F5F2200B63CA8 /* EssentialFeedAPIEndToEndTests.swift in Sources */,
				9ABA1A5C2F2F6EFA00B63CA8 /* XCTestCase+MemoryLeakTrackingHelper.swift in Sources */,
			);
			runOnlyForDeploymentPostprocessing = 0;
		};
		9AD83F492F57BD300036F5BC /* Sources */ = {
			isa = PBXSourcesBuildPhase;
			buildActionMask = 2147483647;
			files = (
				9A2C78ED2F57C55400C3E37B /* FeedCacheTestHelpers.swift in Sources */,
				9AD83F502F57BD300036F5BC /* EssentialFeedCacheIntegrationTests.swift in Sources */,
				9A2C78EB2F57C28300C3E37B /* XCTestCase+MemoryLeakTrackingHelper.swift in Sources */,
				9A2C78EC2F57C47100C3E37B /* SharedTestHelpers.swift in Sources */,
			);
			runOnlyForDeploymentPostprocessing = 0;
		};
/* End PBXSourcesBuildPhase section */

/* Begin PBXTargetDependency section */
		9A08D8B62F1CA3C2004FAED9 /* PBXTargetDependency */ = {
			isa = PBXTargetDependency;
			target = 9A08D8A82F1CA3C1004FAED9 /* EssentialFeed */;
			targetProxy = 9A08D8B52F1CA3C2004FAED9 /* PBXContainerItemProxy */;
		};
		9A2C79272F65F61E00C3E37B /* PBXTargetDependency */ = {
			isa = PBXTargetDependency;
			target = 9A2C791A2F65F61E00C3E37B /* EssentialFeediOS */;
			targetProxy = 9A2C79262F65F61E00C3E37B /* PBXContainerItemProxy */;
		};
		9ABA1A582F2F5F2200B63CA8 /* PBXTargetDependency */ = {
			isa = PBXTargetDependency;
			target = 9A08D8A82F1CA3C1004FAED9 /* EssentialFeed */;
			targetProxy = 9ABA1A572F2F5F2200B63CA8 /* PBXContainerItemProxy */;
		};
		9AD83F532F57BD300036F5BC /* PBXTargetDependency */ = {
			isa = PBXTargetDependency;
			target = 9A08D8A82F1CA3C1004FAED9 /* EssentialFeed */;
			targetProxy = 9AD83F522F57BD300036F5BC /* PBXContainerItemProxy */;
		};
/* End PBXTargetDependency section */

/* Begin XCBuildConfiguration section */
		9A08D8BB2F1CA3C2004FAED9 /* Debug */ = {
			isa = XCBuildConfiguration;
			buildSettings = {
				ALWAYS_SEARCH_USER_PATHS = NO;
				ASSETCATALOG_COMPILER_GENERATE_SWIFT_ASSET_SYMBOL_EXTENSIONS = YES;
				CLANG_ANALYZER_NONNULL = YES;
				CLANG_ANALYZER_NUMBER_OBJECT_CONVERSION = YES_AGGRESSIVE;
				CLANG_CXX_LANGUAGE_STANDARD = "gnu++20";
				CLANG_ENABLE_MODULES = YES;
				CLANG_ENABLE_OBJC_ARC = YES;
				CLANG_ENABLE_OBJC_WEAK = YES;
				CLANG_WARN_BLOCK_CAPTURE_AUTORELEASING = YES;
				CLANG_WARN_BOOL_CONVERSION = YES;
				CLANG_WARN_COMMA = YES;
				CLANG_WARN_CONSTANT_CONVERSION = YES;
				CLANG_WARN_DEPRECATED_OBJC_IMPLEMENTATIONS = YES;
				CLANG_WARN_DIRECT_OBJC_ISA_USAGE = YES_ERROR;
				CLANG_WARN_DOCUMENTATION_COMMENTS = YES;
				CLANG_WARN_EMPTY_BODY = YES;
				CLANG_WARN_ENUM_CONVERSION = YES;
				CLANG_WARN_INFINITE_RECURSION = YES;
				CLANG_WARN_INT_CONVERSION = YES;
				CLANG_WARN_NON_LITERAL_NULL_CONVERSION = YES;
				CLANG_WARN_OBJC_IMPLICIT_RETAIN_SELF = YES;
				CLANG_WARN_OBJC_LITERAL_CONVERSION = YES;
				CLANG_WARN_OBJC_ROOT_CLASS = YES_ERROR;
				CLANG_WARN_QUOTED_INCLUDE_IN_FRAMEWORK_HEADER = YES;
				CLANG_WARN_RANGE_LOOP_ANALYSIS = YES;
				CLANG_WARN_STRICT_PROTOTYPES = YES;
				CLANG_WARN_SUSPICIOUS_MOVE = YES;
				CLANG_WARN_UNGUARDED_AVAILABILITY = YES_AGGRESSIVE;
				CLANG_WARN_UNREACHABLE_CODE = YES;
				CLANG_WARN__DUPLICATE_METHOD_MATCH = YES;
				COPY_PHASE_STRIP = NO;
				CURRENT_PROJECT_VERSION = 1;
				DEBUG_INFORMATION_FORMAT = dwarf;
				ENABLE_STRICT_OBJC_MSGSEND = YES;
				ENABLE_TESTABILITY = YES;
				ENABLE_USER_SCRIPT_SANDBOXING = YES;
				GCC_C_LANGUAGE_STANDARD = gnu17;
				GCC_DYNAMIC_NO_PIC = NO;
				GCC_NO_COMMON_BLOCKS = YES;
				GCC_OPTIMIZATION_LEVEL = 0;
				GCC_PREPROCESSOR_DEFINITIONS = (
					"DEBUG=1",
					"$(inherited)",
				);
				GCC_WARN_64_TO_32_BIT_CONVERSION = YES;
				GCC_WARN_ABOUT_RETURN_TYPE = YES_ERROR;
				GCC_WARN_UNDECLARED_SELECTOR = YES;
				GCC_WARN_UNINITIALIZED_AUTOS = YES_AGGRESSIVE;
				GCC_WARN_UNUSED_FUNCTION = YES;
				GCC_WARN_UNUSED_VARIABLE = YES;
				LOCALIZATION_PREFERS_STRING_CATALOGS = YES;
				MACOSX_DEPLOYMENT_TARGET = 14.4;
				MTL_ENABLE_DEBUG_INFO = INCLUDE_SOURCE;
				MTL_FAST_MATH = YES;
				ONLY_ACTIVE_ARCH = YES;
				SDKROOT = macosx;
				SWIFT_ACTIVE_COMPILATION_CONDITIONS = "DEBUG $(inherited)";
				SWIFT_OPTIMIZATION_LEVEL = "-Onone";
				VERSIONING_SYSTEM = "apple-generic";
				VERSION_INFO_PREFIX = "";
			};
			name = Debug;
		};
		9A08D8BC2F1CA3C2004FAED9 /* Release */ = {
			isa = XCBuildConfiguration;
			buildSettings = {
				ALWAYS_SEARCH_USER_PATHS = NO;
				ASSETCATALOG_COMPILER_GENERATE_SWIFT_ASSET_SYMBOL_EXTENSIONS = YES;
				CLANG_ANALYZER_NONNULL = YES;
				CLANG_ANALYZER_NUMBER_OBJECT_CONVERSION = YES_AGGRESSIVE;
				CLANG_CXX_LANGUAGE_STANDARD = "gnu++20";
				CLANG_ENABLE_MODULES = YES;
				CLANG_ENABLE_OBJC_ARC = YES;
				CLANG_ENABLE_OBJC_WEAK = YES;
				CLANG_WARN_BLOCK_CAPTURE_AUTORELEASING = YES;
				CLANG_WARN_BOOL_CONVERSION = YES;
				CLANG_WARN_COMMA = YES;
				CLANG_WARN_CONSTANT_CONVERSION = YES;
				CLANG_WARN_DEPRECATED_OBJC_IMPLEMENTATIONS = YES;
				CLANG_WARN_DIRECT_OBJC_ISA_USAGE = YES_ERROR;
				CLANG_WARN_DOCUMENTATION_COMMENTS = YES;
				CLANG_WARN_EMPTY_BODY = YES;
				CLANG_WARN_ENUM_CONVERSION = YES;
				CLANG_WARN_INFINITE_RECURSION = YES;
				CLANG_WARN_INT_CONVERSION = YES;
				CLANG_WARN_NON_LITERAL_NULL_CONVERSION = YES;
				CLANG_WARN_OBJC_IMPLICIT_RETAIN_SELF = YES;
				CLANG_WARN_OBJC_LITERAL_CONVERSION = YES;
				CLANG_WARN_OBJC_ROOT_CLASS = YES_ERROR;
				CLANG_WARN_QUOTED_INCLUDE_IN_FRAMEWORK_HEADER = YES;
				CLANG_WARN_RANGE_LOOP_ANALYSIS = YES;
				CLANG_WARN_STRICT_PROTOTYPES = YES;
				CLANG_WARN_SUSPICIOUS_MOVE = YES;
				CLANG_WARN_UNGUARDED_AVAILABILITY = YES_AGGRESSIVE;
				CLANG_WARN_UNREACHABLE_CODE = YES;
				CLANG_WARN__DUPLICATE_METHOD_MATCH = YES;
				COPY_PHASE_STRIP = NO;
				CURRENT_PROJECT_VERSION = 1;
				DEBUG_INFORMATION_FORMAT = "dwarf-with-dsym";
				ENABLE_NS_ASSERTIONS = NO;
				ENABLE_STRICT_OBJC_MSGSEND = YES;
				ENABLE_USER_SCRIPT_SANDBOXING = YES;
				GCC_C_LANGUAGE_STANDARD = gnu17;
				GCC_NO_COMMON_BLOCKS = YES;
				GCC_WARN_64_TO_32_BIT_CONVERSION = YES;
				GCC_WARN_ABOUT_RETURN_TYPE = YES_ERROR;
				GCC_WARN_UNDECLARED_SELECTOR = YES;
				GCC_WARN_UNINITIALIZED_AUTOS = YES_AGGRESSIVE;
				GCC_WARN_UNUSED_FUNCTION = YES;
				GCC_WARN_UNUSED_VARIABLE = YES;
				LOCALIZATION_PREFERS_STRING_CATALOGS = YES;
				MACOSX_DEPLOYMENT_TARGET = 14.4;
				MTL_ENABLE_DEBUG_INFO = NO;
				MTL_FAST_MATH = YES;
				SDKROOT = macosx;
				SWIFT_COMPILATION_MODE = wholemodule;
				VERSIONING_SYSTEM = "apple-generic";
				VERSION_INFO_PREFIX = "";
			};
			name = Release;
		};
		9A08D8BE2F1CA3C2004FAED9 /* Debug */ = {
			isa = XCBuildConfiguration;
			buildSettings = {
				BUILD_LIBRARY_FOR_DISTRIBUTION = YES;
				CODE_SIGN_STYLE = Automatic;
				COMBINE_HIDPI_IMAGES = YES;
				CURRENT_PROJECT_VERSION = 1;
				DEFINES_MODULE = YES;
				DYLIB_COMPATIBILITY_VERSION = 1;
				DYLIB_CURRENT_VERSION = 1;
				DYLIB_INSTALL_NAME_BASE = "@rpath";
				ENABLE_MODULE_VERIFIER = YES;
				GENERATE_INFOPLIST_FILE = YES;
				INFOPLIST_KEY_NSHumanReadableCopyright = "";
				INSTALL_PATH = "$(LOCAL_LIBRARY_DIR)/Frameworks";
				LD_RUNPATH_SEARCH_PATHS = (
					"$(inherited)",
					"@executable_path/../Frameworks",
					"@loader_path/Frameworks",
				);
				MARKETING_VERSION = 1.0;
				MODULE_VERIFIER_SUPPORTED_LANGUAGES = "objective-c objective-c++";
				MODULE_VERIFIER_SUPPORTED_LANGUAGE_STANDARDS = "gnu17 gnu++20";
				PRODUCT_BUNDLE_IDENTIFIER = aritrasinha.EssentialFeed;
				PRODUCT_NAME = "$(TARGET_NAME:c99extidentifier)";
				SKIP_INSTALL = YES;
				SUPPORTED_PLATFORMS = "macosx iphoneos iphonesimulator";
				SWIFT_EMIT_LOC_STRINGS = YES;
				SWIFT_INSTALL_OBJC_HEADER = NO;
				SWIFT_VERSION = 5.0;
			};
			name = Debug;
		};
		9A08D8BF2F1CA3C2004FAED9 /* Release */ = {
			isa = XCBuildConfiguration;
			buildSettings = {
				BUILD_LIBRARY_FOR_DISTRIBUTION = YES;
				CODE_SIGN_STYLE = Automatic;
				COMBINE_HIDPI_IMAGES = YES;
				CURRENT_PROJECT_VERSION = 1;
				DEFINES_MODULE = YES;
				DYLIB_COMPATIBILITY_VERSION = 1;
				DYLIB_CURRENT_VERSION = 1;
				DYLIB_INSTALL_NAME_BASE = "@rpath";
				ENABLE_MODULE_VERIFIER = YES;
				GENERATE_INFOPLIST_FILE = YES;
				INFOPLIST_KEY_NSHumanReadableCopyright = "";
				INSTALL_PATH = "$(LOCAL_LIBRARY_DIR)/Frameworks";
				LD_RUNPATH_SEARCH_PATHS = (
					"$(inherited)",
					"@executable_path/../Frameworks",
					"@loader_path/Frameworks",
				);
				MARKETING_VERSION = 1.0;
				MODULE_VERIFIER_SUPPORTED_LANGUAGES = "objective-c objective-c++";
				MODULE_VERIFIER_SUPPORTED_LANGUAGE_STANDARDS = "gnu17 gnu++20";
				PRODUCT_BUNDLE_IDENTIFIER = aritrasinha.EssentialFeed;
				PRODUCT_NAME = "$(TARGET_NAME:c99extidentifier)";
				SKIP_INSTALL = YES;
				SUPPORTED_PLATFORMS = "macosx iphoneos iphonesimulator";
				SWIFT_EMIT_LOC_STRINGS = YES;
				SWIFT_INSTALL_OBJC_HEADER = NO;
				SWIFT_VERSION = 5.0;
			};
			name = Release;
		};
		9A08D8C12F1CA3C2004FAED9 /* Debug */ = {
			isa = XCBuildConfiguration;
			buildSettings = {
				ALWAYS_EMBED_SWIFT_STANDARD_LIBRARIES = YES;
				CODE_SIGN_STYLE = Automatic;
				CURRENT_PROJECT_VERSION = 1;
				GENERATE_INFOPLIST_FILE = YES;
				MARKETING_VERSION = 1.0;
				PRODUCT_BUNDLE_IDENTIFIER = aritrasinha.EssentialFeedTests;
				PRODUCT_NAME = "$(TARGET_NAME)";
				SUPPORTED_PLATFORMS = "macosx iphoneos iphonesimulator";
				SWIFT_EMIT_LOC_STRINGS = NO;
				SWIFT_VERSION = 5.0;
			};
			name = Debug;
		};
		9A08D8C22F1CA3C2004FAED9 /* Release */ = {
			isa = XCBuildConfiguration;
			buildSettings = {
				ALWAYS_EMBED_SWIFT_STANDARD_LIBRARIES = YES;
				CODE_SIGN_STYLE = Automatic;
				CURRENT_PROJECT_VERSION = 1;
				GENERATE_INFOPLIST_FILE = YES;
				MARKETING_VERSION = 1.0;
				PRODUCT_BUNDLE_IDENTIFIER = aritrasinha.EssentialFeedTests;
				PRODUCT_NAME = "$(TARGET_NAME)";
				SUPPORTED_PLATFORMS = "macosx iphoneos iphonesimulator";
				SWIFT_EMIT_LOC_STRINGS = NO;
				SWIFT_VERSION = 5.0;
			};
			name = Release;
		};
		9A2C792D2F65F61E00C3E37B /* Debug */ = {
			isa = XCBuildConfiguration;
			buildSettings = {
				BUILD_LIBRARY_FOR_DISTRIBUTION = YES;
				CODE_SIGN_STYLE = Automatic;
				CURRENT_PROJECT_VERSION = 1;
				DEFINES_MODULE = YES;
				DYLIB_COMPATIBILITY_VERSION = 1;
				DYLIB_CURRENT_VERSION = 1;
				DYLIB_INSTALL_NAME_BASE = "@rpath";
				ENABLE_MODULE_VERIFIER = YES;
				GENERATE_INFOPLIST_FILE = YES;
				INFOPLIST_KEY_NSHumanReadableCopyright = "";
				INSTALL_PATH = "$(LOCAL_LIBRARY_DIR)/Frameworks";
				IPHONEOS_DEPLOYMENT_TARGET = 17.5;
				LD_RUNPATH_SEARCH_PATHS = (
					"$(inherited)",
					"@executable_path/Frameworks",
					"@loader_path/Frameworks",
				);
				MARKETING_VERSION = 1.0;
				MODULE_VERIFIER_SUPPORTED_LANGUAGES = "objective-c objective-c++";
				MODULE_VERIFIER_SUPPORTED_LANGUAGE_STANDARDS = "gnu17 gnu++20";
				PRODUCT_BUNDLE_IDENTIFIER = aritrasinha.EssentialFeediOS;
				PRODUCT_NAME = "$(TARGET_NAME:c99extidentifier)";
				SDKROOT = iphoneos;
				SKIP_INSTALL = YES;
				SWIFT_EMIT_LOC_STRINGS = YES;
				SWIFT_INSTALL_OBJC_HEADER = NO;
				SWIFT_VERSION = 5.0;
				TARGETED_DEVICE_FAMILY = "1,2";
			};
			name = Debug;
		};
		9A2C792E2F65F61E00C3E37B /* Release */ = {
			isa = XCBuildConfiguration;
			buildSettings = {
				BUILD_LIBRARY_FOR_DISTRIBUTION = YES;
				CODE_SIGN_STYLE = Automatic;
				CURRENT_PROJECT_VERSION = 1;
				DEFINES_MODULE = YES;
				DYLIB_COMPATIBILITY_VERSION = 1;
				DYLIB_CURRENT_VERSION = 1;
				DYLIB_INSTALL_NAME_BASE = "@rpath";
				ENABLE_MODULE_VERIFIER = YES;
				GENERATE_INFOPLIST_FILE = YES;
				INFOPLIST_KEY_NSHumanReadableCopyright = "";
				INSTALL_PATH = "$(LOCAL_LIBRARY_DIR)/Frameworks";
				IPHONEOS_DEPLOYMENT_TARGET = 17.5;
				LD_RUNPATH_SEARCH_PATHS = (
					"$(inherited)",
					"@executable_path/Frameworks",
					"@loader_path/Frameworks",
				);
				MARKETING_VERSION = 1.0;
				MODULE_VERIFIER_SUPPORTED_LANGUAGES = "objective-c objective-c++";
				MODULE_VERIFIER_SUPPORTED_LANGUAGE_STANDARDS = "gnu17 gnu++20";
				PRODUCT_BUNDLE_IDENTIFIER = aritrasinha.EssentialFeediOS;
				PRODUCT_NAME = "$(TARGET_NAME:c99extidentifier)";
				SDKROOT = iphoneos;
				SKIP_INSTALL = YES;
				SWIFT_EMIT_LOC_STRINGS = YES;
				SWIFT_INSTALL_OBJC_HEADER = NO;
				SWIFT_VERSION = 5.0;
				TARGETED_DEVICE_FAMILY = "1,2";
				VALIDATE_PRODUCT = YES;
			};
			name = Release;
		};
		9A2C79302F65F61E00C3E37B /* Debug */ = {
			isa = XCBuildConfiguration;
			buildSettings = {
				ALWAYS_EMBED_SWIFT_STANDARD_LIBRARIES = YES;
				CODE_SIGN_STYLE = Automatic;
				CURRENT_PROJECT_VERSION = 1;
				GENERATE_INFOPLIST_FILE = YES;
				IPHONEOS_DEPLOYMENT_TARGET = 17.5;
				MARKETING_VERSION = 1.0;
				PRODUCT_BUNDLE_IDENTIFIER = aritrasinha.EssentialFeediOSTests;
				PRODUCT_NAME = "$(TARGET_NAME)";
				SDKROOT = iphoneos;
				SWIFT_EMIT_LOC_STRINGS = NO;
				SWIFT_VERSION = 5.0;
				TARGETED_DEVICE_FAMILY = "1,2";
			};
			name = Debug;
		};
		9A2C79312F65F61E00C3E37B /* Release */ = {
			isa = XCBuildConfiguration;
			buildSettings = {
				ALWAYS_EMBED_SWIFT_STANDARD_LIBRARIES = YES;
				CODE_SIGN_STYLE = Automatic;
				CURRENT_PROJECT_VERSION = 1;
				GENERATE_INFOPLIST_FILE = YES;
				IPHONEOS_DEPLOYMENT_TARGET = 17.5;
				MARKETING_VERSION = 1.0;
				PRODUCT_BUNDLE_IDENTIFIER = aritrasinha.EssentialFeediOSTests;
				PRODUCT_NAME = "$(TARGET_NAME)";
				SDKROOT = iphoneos;
				SWIFT_EMIT_LOC_STRINGS = NO;
				SWIFT_VERSION = 5.0;
				TARGETED_DEVICE_FAMILY = "1,2";
				VALIDATE_PRODUCT = YES;
			};
			name = Release;
		};
		9ABA1A592F2F5F2200B63CA8 /* Debug */ = {
			isa = XCBuildConfiguration;
			buildSettings = {
				CODE_SIGN_STYLE = Automatic;
				CURRENT_PROJECT_VERSION = 1;
				GENERATE_INFOPLIST_FILE = YES;
				MARKETING_VERSION = 1.0;
				PRODUCT_BUNDLE_IDENTIFIER = aritrasinha.EssentialFeedAPIEndToEndTests;
				PRODUCT_NAME = "$(TARGET_NAME)";
				SUPPORTED_PLATFORMS = "macosx iphoneos iphonesimulator";
				SWIFT_EMIT_LOC_STRINGS = NO;
				SWIFT_VERSION = 5.0;
			};
			name = Debug;
		};
		9ABA1A5A2F2F5F2200B63CA8 /* Release */ = {
			isa = XCBuildConfiguration;
			buildSettings = {
				CODE_SIGN_STYLE = Automatic;
				CURRENT_PROJECT_VERSION = 1;
				GENERATE_INFOPLIST_FILE = YES;
				MARKETING_VERSION = 1.0;
				PRODUCT_BUNDLE_IDENTIFIER = aritrasinha.EssentialFeedAPIEndToEndTests;
				PRODUCT_NAME = "$(TARGET_NAME)";
				SUPPORTED_PLATFORMS = "macosx iphoneos iphonesimulator";
				SWIFT_EMIT_LOC_STRINGS = NO;
				SWIFT_VERSION = 5.0;
			};
			name = Release;
		};
		9AD83F542F57BD300036F5BC /* Debug */ = {
			isa = XCBuildConfiguration;
			buildSettings = {
				CODE_SIGN_STYLE = Automatic;
				CURRENT_PROJECT_VERSION = 1;
				GENERATE_INFOPLIST_FILE = YES;
				MARKETING_VERSION = 1.0;
				PRODUCT_BUNDLE_IDENTIFIER = aritrasinha.EssentialFeedCacheIntegrationTests;
				PRODUCT_NAME = "$(TARGET_NAME)";
				SUPPORTED_PLATFORMS = "macosx iphoneos iphonesimulator";
				SWIFT_EMIT_LOC_STRINGS = NO;
				SWIFT_VERSION = 5.0;
			};
			name = Debug;
		};
		9AD83F552F57BD300036F5BC /* Release */ = {
			isa = XCBuildConfiguration;
			buildSettings = {
				CODE_SIGN_STYLE = Automatic;
				CURRENT_PROJECT_VERSION = 1;
				GENERATE_INFOPLIST_FILE = YES;
				MARKETING_VERSION = 1.0;
				PRODUCT_BUNDLE_IDENTIFIER = aritrasinha.EssentialFeedCacheIntegrationTests;
				PRODUCT_NAME = "$(TARGET_NAME)";
				SUPPORTED_PLATFORMS = "macosx iphoneos iphonesimulator";
				SWIFT_EMIT_LOC_STRINGS = NO;
				SWIFT_VERSION = 5.0;
			};
			name = Release;
		};
/* End XCBuildConfiguration section */

/* Begin XCConfigurationList section */
		9A08D8A32F1CA3C1004FAED9 /* Build configuration list for PBXProject "EssentialFeed" */ = {
			isa = XCConfigurationList;
			buildConfigurations = (
				9A08D8BB2F1CA3C2004FAED9 /* Debug */,
				9A08D8BC2F1CA3C2004FAED9 /* Release */,
			);
			defaultConfigurationIsVisible = 0;
			defaultConfigurationName = Release;
		};
		9A08D8BD2F1CA3C2004FAED9 /* Build configuration list for PBXNativeTarget "EssentialFeed" */ = {
			isa = XCConfigurationList;
			buildConfigurations = (
				9A08D8BE2F1CA3C2004FAED9 /* Debug */,
				9A08D8BF2F1CA3C2004FAED9 /* Release */,
			);
			defaultConfigurationIsVisible = 0;
			defaultConfigurationName = Release;
		};
		9A08D8C02F1CA3C2004FAED9 /* Build configuration list for PBXNativeTarget "EssentialFeedTests" */ = {
			isa = XCConfigurationList;
			buildConfigurations = (
				9A08D8C12F1CA3C2004FAED9 /* Debug */,
				9A08D8C22F1CA3C2004FAED9 /* Release */,
			);
			defaultConfigurationIsVisible = 0;
			defaultConfigurationName = Release;
		};
		9A2C792C2F65F61E00C3E37B /* Build configuration list for PBXNativeTarget "EssentialFeediOS" */ = {
			isa = XCConfigurationList;
			buildConfigurations = (
				9A2C792D2F65F61E00C3E37B /* Debug */,
				9A2C792E2F65F61E00C3E37B /* Release */,
			);
			defaultConfigurationIsVisible = 0;
			defaultConfigurationName = Release;
		};
		9A2C792F2F65F61E00C3E37B /* Build configuration list for PBXNativeTarget "EssentialFeediOSTests" */ = {
			isa = XCConfigurationList;
			buildConfigurations = (
				9A2C79302F65F61E00C3E37B /* Debug */,
				9A2C79312F65F61E00C3E37B /* Release */,
			);
			defaultConfigurationIsVisible = 0;
			defaultConfigurationName = Release;
		};
		9ABA1A5B2F2F5F2200B63CA8 /* Build configuration list for PBXNativeTarget "EssentialFeedAPIEndToEndTests" */ = {
			isa = XCConfigurationList;
			buildConfigurations = (
				9ABA1A592F2F5F2200B63CA8 /* Debug */,
				9ABA1A5A2F2F5F2200B63CA8 /* Release */,
			);
			defaultConfigurationIsVisible = 0;
			defaultConfigurationName = Release;
		};
		9AD83F562F57BD300036F5BC /* Build configuration list for PBXNativeTarget "EssentialFeedCacheIntegrationTests" */ = {
			isa = XCConfigurationList;
			buildConfigurations = (
				9AD83F542F57BD300036F5BC /* Debug */,
				9AD83F552F57BD300036F5BC /* Release */,
			);
			defaultConfigurationIsVisible = 0;
			defaultConfigurationName = Release;
		};
/* End XCConfigurationList section */
	};
	rootObject = 9A08D8A02F1CA3C1004FAED9 /* Project object */;
}
